{
  "requires": true,
  "lockfileVersion": 1,
  "dependencies": {
    "spec-pattern": {
      "version": "3.3.0",
      "resolved": "https://registry.npmjs.org/spec-pattern/-/spec-pattern-3.3.0.tgz",
      "integrity": "sha512-zLEUQaM624rPLeBk6XtI52BLtDEnp8xfhUAf9NQJIrRuGtIK1U+/vChqh37vTIFZx/8FebspBynklX4kEBE4wg=="
    }
  },
  "type": "module"
}
